PODS:
  - lottie-ios (2.1.0)
  - MBProgressHUD (1.0.0)
  - MJRefresh (3.1.12)

DEPENDENCIES:
  - lottie-ios (~> 2.1.0)
  - MBProgressHUD
  - MJRefresh

SPEC CHECKSUMS:
  lottie-ios: af87be9f802a949a9bfdc0dcd304973c5245fa26
  MBProgressHUD: 4890f671c94e8a0f3cf959aa731e9de2f036d71a
  MJRefresh: b96cdb21c4aa75a7b07654311ab2f315c497e806

PODFILE CHECKSUM: 7a64ab166ee1652ad012ffa85fe3d7cc796f3ea5

COCOAPODS: 1.2.1
